
Microsoft Visual Studio Solution File, Format Version 12.00
# Visual Studio Version 17
VisualStudioVersion = 17.1.32328.378
MinimumVisualStudioVersion = 10.0.40219.1
Project("{FAE04EC0-301F-11D3-BF4B-00C04F79EFBC}") = "EasyUpdate", "EasyUpdate\EasyUpdate.csproj", "{1233C9C8-B09B-4290-8963-E61C60A32DAF}"
EndProject
Project("{FAE04EC0-301F-11D3-BF4B-00C04F79EFBC}") = "UnitTestProject1", "UnitTestProject1\UnitTestProject1.csproj", "{8EE8DD62-F6B9-4B29-BF6D-E349E0A9633F}"
EndProject
Project("{FAE04EC0-301F-11D3-BF4B-00C04F79EFBC}") = "EasyUpdate.ZipExtractor", "EasyUpdate.ZipExtractor\EasyUpdate.ZipExtractor.csproj", "{2448A8EF-8754-4B4A-BF5C-ABF43C5F05BA}"
EndProject
Project("{2150E333-8FDC-42A3-9474-1A3956D46DE8}") = "docs", "docs", "{7D8B58E9-8F7C-46F0-9D4D-E721EFDB0641}"
	ProjectSection(SolutionItems) = preProject
		docs\Nuget\Nuget-README-1.0.0.md = docs\Nuget\Nuget-README-1.0.0.md
		README.md = README.md
	EndProjectSection
EndProject
Global
	GlobalSection(SolutionConfigurationPlatforms) = preSolution
		Debug|Any CPU = Debug|Any CPU
		Release|Any CPU = Release|Any CPU
	EndGlobalSection
	GlobalSection(ProjectConfigurationPlatforms) = postSolution
		{1233C9C8-B09B-4290-8963-E61C60A32DAF}.Debug|Any CPU.ActiveCfg = Debug|Any CPU
		{1233C9C8-B09B-4290-8963-E61C60A32DAF}.Debug|Any CPU.Build.0 = Debug|Any CPU
		{1233C9C8-B09B-4290-8963-E61C60A32DAF}.Release|Any CPU.ActiveCfg = Release|Any CPU
		{1233C9C8-B09B-4290-8963-E61C60A32DAF}.Release|Any CPU.Build.0 = Release|Any CPU
		{8EE8DD62-F6B9-4B29-BF6D-E349E0A9633F}.Debug|Any CPU.ActiveCfg = Debug|Any CPU
		{8EE8DD62-F6B9-4B29-BF6D-E349E0A9633F}.Debug|Any CPU.Build.0 = Debug|Any CPU
		{8EE8DD62-F6B9-4B29-BF6D-E349E0A9633F}.Release|Any CPU.ActiveCfg = Release|Any CPU
		{8EE8DD62-F6B9-4B29-BF6D-E349E0A9633F}.Release|Any CPU.Build.0 = Release|Any CPU
		{2448A8EF-8754-4B4A-BF5C-ABF43C5F05BA}.Debug|Any CPU.ActiveCfg = Debug|Any CPU
		{2448A8EF-8754-4B4A-BF5C-ABF43C5F05BA}.Debug|Any CPU.Build.0 = Debug|Any CPU
		{2448A8EF-8754-4B4A-BF5C-ABF43C5F05BA}.Release|Any CPU.ActiveCfg = Release|Any CPU
		{2448A8EF-8754-4B4A-BF5C-ABF43C5F05BA}.Release|Any CPU.Build.0 = Release|Any CPU
	EndGlobalSection
	GlobalSection(SolutionProperties) = preSolution
		HideSolutionNode = FALSE
	EndGlobalSection
	GlobalSection(ExtensibilityGlobals) = postSolution
		SolutionGuid = {01C7ECD0-6D8D-4906-8267-8A60994555F8}
	EndGlobalSection
EndGlobal
